
Microsoft Visual Studio Solution File, Format Version 12.00
# Visual Studio 15
VisualStudioVersion = 15.0.28307.438
MinimumVisualStudioVersion = 10.0.40219.1
Project("{FAE04EC0-301F-11D3-BF4B-00C04F79EFBC}") = "QuanLyNhaSachGUI", "QuanLyNhaSach\QuanLyNhaSachGUI.csproj", "{E201228A-4CE7-4344-8F8B-DF0FD194ADC0}"
EndProject
Project("{FAE04EC0-301F-11D3-BF4B-00C04F79EFBC}") = "QuanLyNhaSachBUS", "QuanLyNhaSachBUS\QuanLyNhaSachBUS.csproj", "{CC1F1345-8896-41A0-9214-4D7D91A8BF42}"
EndProject
Project("{FAE04EC0-301F-11D3-BF4B-00C04F79EFBC}") = "QuanLyNhaSachDAL", "QuanLyNhaSachDAL\QuanLyNhaSachDAL.csproj", "{677373EA-C198-43A9-B657-D27CB8832278}"
EndProject
Project("{FAE04EC0-301F-11D3-BF4B-00C04F79EFBC}") = "QuanLyNhaSachDTO", "QuanLyNhaSachDTO\QuanLyNhaSachDTO.csproj", "{FC00F3F5-97C6-40E4-BE14-9500400E173F}"
EndProject
Global
	GlobalSection(SolutionConfigurationPlatforms) = preSolution
		Debug|Any CPU = Debug|Any CPU
		Release|Any CPU = Release|Any CPU
	EndGlobalSection
	GlobalSection(ProjectConfigurationPlatforms) = postSolution
		{E201228A-4CE7-4344-8F8B-DF0FD194ADC0}.Debug|Any CPU.ActiveCfg = Debug|Any CPU
		{E201228A-4CE7-4344-8F8B-DF0FD194ADC0}.Debug|Any CPU.Build.0 = Debug|Any CPU
		{E201228A-4CE7-4344-8F8B-DF0FD194ADC0}.Release|Any CPU.ActiveCfg = Release|Any CPU
		{E201228A-4CE7-4344-8F8B-DF0FD194ADC0}.Release|Any CPU.Build.0 = Release|Any CPU
		{CC1F1345-8896-41A0-9214-4D7D91A8BF42}.Debug|Any CPU.ActiveCfg = Debug|Any CPU
		{CC1F1345-8896-41A0-9214-4D7D91A8BF42}.Debug|Any CPU.Build.0 = Debug|Any CPU
		{CC1F1345-8896-41A0-9214-4D7D91A8BF42}.Release|Any CPU.ActiveCfg = Release|Any CPU
		{CC1F1345-8896-41A0-9214-4D7D91A8BF42}.Release|Any CPU.Build.0 = Release|Any CPU
		{677373EA-C198-43A9-B657-D27CB8832278}.Debug|Any CPU.ActiveCfg = Debug|Any CPU
		{677373EA-C198-43A9-B657-D27CB8832278}.Debug|Any CPU.Build.0 = Debug|Any CPU
		{677373EA-C198-43A9-B657-D27CB8832278}.Release|Any CPU.ActiveCfg = Release|Any CPU
		{677373EA-C198-43A9-B657-D27CB8832278}.Release|Any CPU.Build.0 = Release|Any CPU
		{FC00F3F5-97C6-40E4-BE14-9500400E173F}.Debug|Any CPU.ActiveCfg = Debug|Any CPU
		{FC00F3F5-97C6-40E4-BE14-9500400E173F}.Debug|Any CPU.Build.0 = Debug|Any CPU
		{FC00F3F5-97C6-40E4-BE14-9500400E173F}.Release|Any CPU.ActiveCfg = Release|Any CPU
		{FC00F3F5-97C6-40E4-BE14-9500400E173F}.Release|Any CPU.Build.0 = Release|Any CPU
	EndGlobalSection
	GlobalSection(SolutionProperties) = preSolution
		HideSolutionNode = FALSE
	EndGlobalSection
	GlobalSection(ExtensibilityGlobals) = postSolution
		SolutionGuid = {A6665D0A-28C8-46DD-A6CA-98D45EFD8A1B}
	EndGlobalSection
EndGlobal
